
Microsoft Visual Studio Solution File, Format Version 12.00
# Visual Studio Version 17
VisualStudioVersion = 17.1.32407.343
MinimumVisualStudioVersion = 10.0.40219.1
Project("{FAE04EC0-301F-11D3-BF4B-00C04F79EFBC}") = "Web Handson MVC", "Web Handson MVC\Web Handson MVC.csproj", "{B2028818-6043-4E80-A3DC-10C6D26CE39F}"
EndProject
Global
	GlobalSection(SolutionConfigurationPlatforms) = preSolution
		Debug|Any CPU = Debug|Any CPU
		Release|Any CPU = Release|Any CPU
	EndGlobalSection
	GlobalSection(ProjectConfigurationPlatforms) = postSolution
		{B2028818-6043-4E80-A3DC-10C6D26CE39F}.Debug|Any CPU.ActiveCfg = Debug|Any CPU
		{B2028818-6043-4E80-A3DC-10C6D26CE39F}.Debug|Any CPU.Build.0 = Debug|Any CPU
		{B2028818-6043-4E80-A3DC-10C6D26CE39F}.Release|Any CPU.ActiveCfg = Release|Any CPU
		{B2028818-6043-4E80-A3DC-10C6D26CE39F}.Release|Any CPU.Build.0 = Release|Any CPU
	EndGlobalSection
	GlobalSection(SolutionProperties) = preSolution
		HideSolutionNode = FALSE
	EndGlobalSection
	GlobalSection(ExtensibilityGlobals) = postSolution
		SolutionGuid = {91555FCF-DD51-4F27-9462-CED306A4CF2B}
	EndGlobalSection
EndGlobal
